
Microsoft Visual Studio Solution File, Format Version 12.00
# Visual Studio Version 17
VisualStudioVersion = 17.13.35825.156
MinimumVisualStudioVersion = 10.0.40219.1
Project("{FAE04EC0-301F-11D3-BF4B-00C04F79EFBC}") = "VoiceTexterBot", "VoiceTexterBot.csproj", "{DB6B7977-F53D-4550-9C5C-1B9D7A0825F4}"
EndProject
Global
	GlobalSection(SolutionConfigurationPlatforms) = preSolution
		Debug|Any CPU = Debug|Any CPU
		Release|Any CPU = Release|Any CPU
	EndGlobalSection
	GlobalSection(ProjectConfigurationPlatforms) = postSolution
		{DB6B7977-F53D-4550-9C5C-1B9D7A0825F4}.Debug|Any CPU.ActiveCfg = Debug|Any CPU
		{DB6B7977-F53D-4550-9C5C-1B9D7A0825F4}.Debug|Any CPU.Build.0 = Debug|Any CPU
		{DB6B7977-F53D-4550-9C5C-1B9D7A0825F4}.Release|Any CPU.ActiveCfg = Release|Any CPU
		{DB6B7977-F53D-4550-9C5C-1B9D7A0825F4}.Release|Any CPU.Build.0 = Release|Any CPU
	EndGlobalSection
	GlobalSection(SolutionProperties) = preSolution
		HideSolutionNode = FALSE
	EndGlobalSection
	GlobalSection(ExtensibilityGlobals) = postSolution
		SolutionGuid = {A26677D0-5EB3-4210-9A97-9674E4F015B6}
	EndGlobalSection
EndGlobal
